
Microsoft Visual Studio Solution File, Format Version 12.00
# Visual Studio 14
VisualStudioVersion = 14.0.25123.0
MinimumVisualStudioVersion = 10.0.40219.1
Project("{FAE04EC0-301F-11D3-BF4B-00C04F79EFBC}") = "ChatApplication", "ChatApplication\ChatApplication.csproj", "{0B21B49E-02DB-45C6-98A5-8EFABFEA01F7}"
EndProject
Project("{FAE04EC0-301F-11D3-BF4B-00C04F79EFBC}") = "P2PChat", "P2PChat\P2PChat.csproj", "{4BFFF218-6752-4B5F-BF75-4154109B96D6}"
EndProject
Global
	GlobalSection(SolutionConfigurationPlatforms) = preSolution
		Debug|Any CPU = Debug|Any CPU
		Release|Any CPU = Release|Any CPU
	EndGlobalSection
	GlobalSection(ProjectConfigurationPlatforms) = postSolution
		{0B21B49E-02DB-45C6-98A5-8EFABFEA01F7}.Debug|Any CPU.ActiveCfg = Debug|Any CPU
		{0B21B49E-02DB-45C6-98A5-8EFABFEA01F7}.Debug|Any CPU.Build.0 = Debug|Any CPU
		{0B21B49E-02DB-45C6-98A5-8EFABFEA01F7}.Release|Any CPU.ActiveCfg = Release|Any CPU
		{0B21B49E-02DB-45C6-98A5-8EFABFEA01F7}.Release|Any CPU.Build.0 = Release|Any CPU
		{4BFFF218-6752-4B5F-BF75-4154109B96D6}.Debug|Any CPU.ActiveCfg = Debug|Any CPU
		{4BFFF218-6752-4B5F-BF75-4154109B96D6}.Debug|Any CPU.Build.0 = Debug|Any CPU
		{4BFFF218-6752-4B5F-BF75-4154109B96D6}.Release|Any CPU.ActiveCfg = Release|Any CPU
		{4BFFF218-6752-4B5F-BF75-4154109B96D6}.Release|Any CPU.Build.0 = Release|Any CPU
	EndGlobalSection
	GlobalSection(SolutionProperties) = preSolution
		HideSolutionNode = FALSE
	EndGlobalSection
EndGlobal
